
Microsoft Visual Studio Solution File, Format Version 12.00
# Visual Studio 15
VisualStudioVersion = 15.0.26730.8
MinimumVisualStudioVersion = 10.0.40219.1
Project("{FAE04EC0-301F-11D3-BF4B-00C04F79EFBC}") = "BudgetApp", "BudgetApp\BudgetApp.csproj", "{2F6714C7-2DC8-444F-840D-D9E9C9478D09}"
EndProject
Global
	GlobalSection(SolutionConfigurationPlatforms) = preSolution
		Debug|Any CPU = Debug|Any CPU
		Release|Any CPU = Release|Any CPU
	EndGlobalSection
	GlobalSection(ProjectConfigurationPlatforms) = postSolution
		{2F6714C7-2DC8-444F-840D-D9E9C9478D09}.Debug|Any CPU.ActiveCfg = Debug|Any CPU
		{2F6714C7-2DC8-444F-840D-D9E9C9478D09}.Debug|Any CPU.Build.0 = Debug|Any CPU
		{2F6714C7-2DC8-444F-840D-D9E9C9478D09}.Release|Any CPU.ActiveCfg = Release|Any CPU
		{2F6714C7-2DC8-444F-840D-D9E9C9478D09}.Release|Any CPU.Build.0 = Release|Any CPU
	EndGlobalSection
	GlobalSection(SolutionProperties) = preSolution
		HideSolutionNode = FALSE
	EndGlobalSection
	GlobalSection(ExtensibilityGlobals) = postSolution
		SolutionGuid = {5E1D51DF-0059-4D16-99FE-9BAC08217268}
	EndGlobalSection
EndGlobal
