
Microsoft Visual Studio Solution File, Format Version 12.00
# Visual Studio 15
VisualStudioVersion = 15.0.26730.8
MinimumVisualStudioVersion = 10.0.40219.1
Project("{FAE04EC0-301F-11D3-BF4B-00C04F79EFBC}") = "WpfApp1", "WpfApp1\WpfApp1.csproj", "{5EF1B798-B112-420B-BA86-F2A1EDE9268B}"
EndProject
Global
	GlobalSection(SolutionConfigurationPlatforms) = preSolution
		Debug|Any CPU = Debug|Any CPU
		Release|Any CPU = Release|Any CPU
	EndGlobalSection
	GlobalSection(ProjectConfigurationPlatforms) = postSolution
		{5EF1B798-B112-420B-BA86-F2A1EDE9268B}.Debug|Any CPU.ActiveCfg = Debug|Any CPU
		{5EF1B798-B112-420B-BA86-F2A1EDE9268B}.Debug|Any CPU.Build.0 = Debug|Any CPU
		{5EF1B798-B112-420B-BA86-F2A1EDE9268B}.Release|Any CPU.ActiveCfg = Release|Any CPU
		{5EF1B798-B112-420B-BA86-F2A1EDE9268B}.Release|Any CPU.Build.0 = Release|Any CPU
	EndGlobalSection
	GlobalSection(SolutionProperties) = preSolution
		HideSolutionNode = FALSE
	EndGlobalSection
	GlobalSection(ExtensibilityGlobals) = postSolution
		SolutionGuid = {2CB1A40A-6C2D-4E4F-B86F-B2A8A0DDA1FD}
	EndGlobalSection
EndGlobal
